// !$*UTF8*$!
{
	archiveVersion = 1;
	classes = {
	};
	objectVersion = 48;
	objects = {

/* Begin PBXBuildFile section */
		9BA687171FBBDEAF00F6562B /* AppDelegate.swift in Sources */ = {isa = PBXBuildFile; fileRef = 9BA687161FBBDEAF00F6562B /* AppDelegate.swift */; };
		9BA687191FBBDEAF00F6562B /* ViewController.swift in Sources */ = {isa = PBXBuildFile; fileRef = 9BA687181FBBDEAF00F6562B /* ViewController.swift */; };
		9BA6871C1FBBDEAF00F6562B /* Main.storyboard in Resources */ = {isa = PBXBuildFile; fileRef = 9BA6871A1FBBDEAF00F6562B /* Main.storyboard */; };
		9BA6871E1FBBDEAF00F6562B /* Assets.xcassets in Resources */ = {isa = PBXBuildFile; fileRef = 9BA6871D1FBBDEAF00F6562B /* Assets.xcassets */; };
		9BA687211FBBDEAF00F6562B /* LaunchScreen.storyboard in Resources */ = {isa = PBXBuildFile; fileRef = 9BA6871F1FBBDEAF00F6562B /* LaunchScreen.storyboard */; };
		9BA687291FBBDF5400F6562B /* LuxLabel.swift in Sources */ = {isa = PBXBuildFile; fileRef = 9BA687281FBBDF5400F6562B /* LuxLabel.swift */; };
/* End PBXBuildFile section */

/* Begin PBXFileReference section */
		9BA687131FBBDEAF00F6562B /* TextPad.app */ = {isa = PBXFileReference; explicitFileType = wrapper.application; includeInIndex = 0; path = TextPad.app; sourceTree = BUILT_PRODUCTS_DIR; };
		9BA687161FBBDEAF00F6562B /* AppDelegate.swift */ = {isa = PBXFileReference; lastKnownFileType = sourcecode.swift; path = AppDelegate.swift; sourceTree = "<group>"; };
		9BA687181FBBDEAF00F6562B /* ViewController.swift */ = {isa = PBXFileReference; lastKnownFileType = sourcecode.swift; path = ViewController.swift; sourceTree = "<group>"; };
		9BA6871B1FBBDEAF00F6562B /* Base */ = {isa = PBXFileReference; lastKnownFileType = file.storyboard; name = Base; path = Base.lproj/Main.storyboard; sourceTree = "<group>"; };
		9BA6871D1FBBDEAF00F6562B /* Assets.xcassets */ = {isa = PBXFileReference; lastKnownFileType = folder.assetcatalog; path = Assets.xcassets; sourceTree = "<group>"; };
		9BA687201FBBDEAF00F6562B /* Base */ = {isa = PBXFileReference; lastKnownFileType = file.storyboard; name = Base; path = Base.lproj/LaunchScreen.storyboard; sourceTree = "<group>"; };
		9BA687221FBBDEAF00F6562B /* Info.plist */ = {isa = PBXFileReference; lastKnownFileType = text.plist.xml; path = Info.plist; sourceTree = "<group>"; };
		9BA687281FBBDF5400F6562B /* LuxLabel.swift */ = {isa = PBXFileReference; fileEncoding = 4; lastKnownFileType = sourcecode.swift; path = LuxLabel.swift; sourceTree = "<group>"; };
/* End PBXFileReference section */

/* Begin PBXFrameworksBuildPhase section */
		9BA687101FBBDEAF00F6562B /* Frameworks */ = {
			isa = PBXFrameworksBuildPhase;
			buildActionMask = 2147483647;
			files = (
			);
			runOnlyForDeploymentPostprocessing = 0;
		};
/* End PBXFrameworksBuildPhase section */

/* Begin PBXGroup section */
		9BA6870A1FBBDEAF00F6562B = {
			isa = PBXGroup;
			children = (
				9BA687151FBBDEAF00F6562B /* TextPad */,
				9BA687141FBBDEAF00F6562B /* Products */,
			);
			sourceTree = "<group>";
		};
		9BA687141FBBDEAF00F6562B /* Products */ = {
			isa = PBXGroup;
			children = (
				9BA687131FBBDEAF00F6562B /* TextPad.app */,
			);
			name = Products;
			sourceTree = "<group>";
		};
		9BA687151FBBDEAF00F6562B /* TextPad */ = {
			isa = PBXGroup;
			children = (
				9BA687161FBBDEAF00F6562B /* AppDelegate.swift */,
				9BA687181FBBDEAF00F6562B /* ViewController.swift */,
				9BA687281FBBDF5400F6562B /* LuxLabel.swift */,
				9BA6871A1FBBDEAF00F6562B /* Main.storyboard */,
				9BA6871D1FBBDEAF00F6562B /* Assets.xcassets */,
				9BA6871F1FBBDEAF00F6562B /* LaunchScreen.storyboard */,
				9BA687221FBBDEAF00F6562B /* Info.plist */,
			);
			path = TextPad;
			sourceTree = "<group>";
		};
/* End PBXGroup section */

/* Begin PBXNativeTarget section */
		9BA687121FBBDEAF00F6562B /* TextPad */ = {
			isa = PBXNativeTarget;
			buildConfigurationList = 9BA687251FBBDEAF00F6562B /* Build configuration list for PBXNativeTarget "TextPad" */;
			buildPhases = (
				9BA6870F1FBBDEAF00F6562B /* Sources */,
				9BA687101FBBDEAF00F6562B /* Frameworks */,
				9BA687111FBBDEAF00F6562B /* Resources */,
			);
			buildRules = (
			);
			dependencies = (
			);
			name = TextPad;
			productName = TextPad;
			productReference = 9BA687131FBBDEAF00F6562B /* TextPad.app */;
			productType = "com.apple.product-type.application";
		};
/* End PBXNativeTarget section */

/* Begin PBXProject section */
		9BA6870B1FBBDEAF00F6562B /* Project object */ = {
			isa = PBXProject;
			attributes = {
				LastSwiftUpdateCheck = 0910;
				LastUpgradeCheck = 0910;
				ORGANIZATIONNAME = "Michel Bouchet";
				TargetAttributes = {
					9BA687121FBBDEAF00F6562B = {
						CreatedOnToolsVersion = 9.1;
						ProvisioningStyle = Automatic;
					};
				};
			};
			buildConfigurationList = 9BA6870E1FBBDEAF00F6562B /* Build configuration list for PBXProject "TextPad" */;
			compatibilityVersion = "Xcode 8.0";
			developmentRegion = en;
			hasScannedForEncodings = 0;
			knownRegions = (
				en,
				Base,
			);
			mainGroup = 9BA6870A1FBBDEAF00F6562B;
			productRefGroup = 9BA687141FBBDEAF00F6562B /* Products */;
			projectDirPath = "";
			projectRoot = "";
			targets = (
				9BA687121FBBDEAF00F6562B /* TextPad */,
			);
		};
/* End PBXProject section */

/* Begin PBXResourcesBuildPhase section */
		9BA687111FBBDEAF00F6562B /* Resources */ = {
			isa = PBXResourcesBuildPhase;
			buildActionMask = 2147483647;
			files = (
				9BA687211FBBDEAF00F6562B /* LaunchScreen.storyboard in Resources */,
				9BA6871E1FBBDEAF00F6562B /* Assets.xcassets in Resources */,
				9BA6871C1FBBDEAF00F6562B /* Main.storyboard in Resources */,
			);
			runOnlyForDeploymentPostprocessing = 0;
		};
/* End PBXResourcesBuildPhase section */

/* Begin PBXSourcesBuildPhase section */
		9BA6870F1FBBDEAF00F6562B /* Sources */ = {
			isa = PBXSourcesBuildPhase;
			buildActionMask = 2147483647;
			files = (
				9BA687191FBBDEAF00F6562B /* ViewController.swift in Sources */,
				9BA687171FBBDEAF00F6562B /* AppDelegate.swift in Sources */,
				9BA687291FBBDF5400F6562B /* LuxLabel.swift in Sources */,
			);
			runOnlyForDeploymentPostprocessing = 0;
		};
/* End PBXSourcesBuildPhase section */

/* Begin PBXVariantGroup section */
		9BA6871A1FBBDEAF00F6562B /* Main.storyboard */ = {
			isa = PBXVariantGroup;
			children = (
				9BA6871B1FBBDEAF00F6562B /* Base */,
			);
			name = Main.storyboard;
			sourceTree = "<group>";
		};
		9BA6871F1FBBDEAF00F6562B /* LaunchScreen.storyboard */ = {
			isa = PBXVariantGroup;
			children = (
				9BA687201FBBDEAF00F6562B /* Base */,
			);
			name = LaunchScreen.storyboard;
			sourceTree = "<group>";
		};
/* End PBXVariantGroup section */

/* Begin XCBuildConfiguration section */
		9BA687231FBBDEAF00F6562B /* Debug */ = {
			isa = XCBuildConfiguration;
			buildSettings = {
				ALWAYS_SEARCH_USER_PATHS = NO;
				CLANG_ANALYZER_NONNULL = YES;
				CLANG_ANALYZER_NUMBER_OBJECT_CONVERSION = YES_AGGRESSIVE;
				CLANG_CXX_LANGUAGE_STANDARD = "gnu++14";
				CLANG_CXX_LIBRARY = "libc++";
				CLANG_ENABLE_MODULES = YES;
				CLANG_ENABLE_OBJC_ARC = YES;
				CLANG_WARN_BLOCK_CAPTURE_AUTORELEASING = YES;
				CLANG_WARN_BOOL_CONVERSION = YES;
				CLANG_WARN_COMMA = YES;
				CLANG_WARN_CONSTANT_CONVERSION = YES;
				CLANG_WARN_DIRECT_OBJC_ISA_USAGE = YES_ERROR;
				CLANG_WARN_DOCUMENTATION_COMMENTS = YES;
				CLANG_WARN_EMPTY_BODY = YES;
				CLANG_WARN_ENUM_CONVERSION = YES;
				CLANG_WARN_INFINITE_RECURSION = YES;
				CLANG_WARN_INT_CONVERSION = YES;
				CLANG_WARN_NON_LITERAL_NULL_CONVERSION = YES;
				CLANG_WARN_OBJC_LITERAL_CONVERSION = YES;
				CLANG_WARN_OBJC_ROOT_CLASS = YES_ERROR;
				CLANG_WARN_RANGE_LOOP_ANALYSIS = YES;
				CLANG_WARN_STRICT_PROTOTYPES = YES;
				CLANG_WARN_SUSPICIOUS_MOVE = YES;
				CLANG_WARN_UNGUARDED_AVAILABILITY = YES_AGGRESSIVE;
				CLANG_WARN_UNREACHABLE_CODE = YES;
				CLANG_WARN__DUPLICATE_METHOD_MATCH = YES;
				CODE_SIGN_IDENTITY = "iPhone Developer";
				COPY_PHASE_STRIP = NO;
				DEBUG_INFORMATION_FORMAT = dwarf;
				ENABLE_STRICT_OBJC_MSGSEND = YES;
				ENABLE_TESTABILITY = YES;
				GCC_C_LANGUAGE_STANDARD = gnu11;
				GCC_DYNAMIC_NO_PIC = NO;
				GCC_NO_COMMON_BLOCKS = YES;
				GCC_OPTIMIZATION_LEVEL = 0;
				GCC_PREPROCESSOR_DEFINITIONS = (
					"DEBUG=1",
					"$(inherited)",
				);
				GCC_WARN_64_TO_32_BIT_CONVERSION = YES;
				GCC_WARN_ABOUT_RETURN_TYPE = YES_ERROR;
				GCC_WARN_UNDECLARED_SELECTOR = YES;
				GCC_WARN_UNINITIALIZED_AUTOS = YES_AGGRESSIVE;
				GCC_WARN_UNUSED_FUNCTION = YES;
				GCC_WARN_UNUSED_VARIABLE = YES;
				IPHONEOS_DEPLOYMENT_TARGET = 11.1;
				MTL_ENABLE_DEBUG_INFO = YES;
				ONLY_ACTIVE_ARCH = YES;
				SDKROOT = iphoneos;
				SWIFT_ACTIVE_COMPILATION_CONDITIONS = DEBUG;
				SWIFT_OPTIMIZATION_LEVEL = "-Onone";
			};
			name = Debug;
		};
		9BA687241FBBDEAF00F6562B /* Release */ = {
			isa = XCBuildConfiguration;
			buildSettings = {
				ALWAYS_SEARCH_USER_PATHS = NO;
				CLANG_ANALYZER_NONNULL = YES;
				CLANG_ANALYZER_NUMBER_OBJECT_CONVERSION = YES_AGGRESSIVE;
				CLANG_CXX_LANGUAGE_STANDARD = "gnu++14";
				CLANG_CXX_LIBRARY = "libc++";
				CLANG_ENABLE_MODULES = YES;
				CLANG_ENABLE_OBJC_ARC = YES;
				CLANG_WARN_BLOCK_CAPTURE_AUTORELEASING = YES;
				CLANG_WARN_BOOL_CONVERSION = YES;
				CLANG_WARN_COMMA = YES;
				CLANG_WARN_CONSTANT_CONVERSION = YES;
				CLANG_WARN_DIRECT_OBJC_ISA_USAGE = YES_ERROR;
				CLANG_WARN_DOCUMENTATION_COMMENTS = YES;
				CLANG_WARN_EMPTY_BODY = YES;
				CLANG_WARN_ENUM_CONVERSION = YES;
				CLANG_WARN_INFINITE_RECURSION = YES;
				CLANG_WARN_INT_CONVERSION = YES;
				CLANG_WARN_NON_LITERAL_NULL_CONVERSION = YES;
				CLANG_WARN_OBJC_LITERAL_CONVERSION = YES;
				CLANG_WARN_OBJC_ROOT_CLASS = YES_ERROR;
				CLANG_WARN_RANGE_LOOP_ANALYSIS = YES;
				CLANG_WARN_STRICT_PROTOTYPES = YES;
				CLANG_WARN_SUSPICIOUS_MOVE = YES;
				CLANG_WARN_UNGUARDED_AVAILABILITY = YES_AGGRESSIVE;
				CLANG_WARN_UNREACHABLE_CODE = YES;
				CLANG_WARN__DUPLICATE_METHOD_MATCH = YES;
				CODE_SIGN_IDENTITY = "iPhone Developer";
				COPY_PHASE_STRIP = NO;
				DEBUG_INFORMATION_FORMAT = "dwarf-with-dsym";
				ENABLE_NS_ASSERTIONS = NO;
				ENABLE_STRICT_OBJC_MSGSEND = YES;
				GCC_C_LANGUAGE_STANDARD = gnu11;
				GCC_NO_COMMON_BLOCKS = YES;
				GCC_WARN_64_TO_32_BIT_CONVERSION = YES;
				GCC_WARN_ABOUT_RETURN_TYPE = YES_ERROR;
				GCC_WARN_UNDECLARED_SELECTOR = YES;
				GCC_WARN_UNINITIALIZED_AUTOS = YES_AGGRESSIVE;
				GCC_WARN_UNUSED_FUNCTION = YES;
				GCC_WARN_UNUSED_VARIABLE = YES;
				IPHONEOS_DEPLOYMENT_TARGET = 11.1;
				MTL_ENABLE_DEBUG_INFO = NO;
				SDKROOT = iphoneos;
				SWIFT_OPTIMIZATION_LEVEL = "-Owholemodule";
				VALIDATE_PRODUCT = YES;
			};
			name = Release;
		};
		9BA687261FBBDEAF00F6562B /* Debug */ = {
			isa = XCBuildConfiguration;
			buildSettings = {
				ASSETCATALOG_COMPILER_APPICON_NAME = AppIcon;
				CODE_SIGN_STYLE = Automatic;
				DEVELOPMENT_TEAM = 8N92JZ96Z9;
				INFOPLIST_FILE = TextPad/Info.plist;
				LD_RUNPATH_SEARCH_PATHS = "$(inherited) @executable_path/Frameworks";
				PRODUCT_BUNDLE_IDENTIFIER = michel.bouchet.software.TextPad;
				PRODUCT_NAME = "$(TARGET_NAME)";
				SWIFT_VERSION = 4.0;
				TARGETED_DEVICE_FAMILY = "1,2";
			};
			name = Debug;
		};
		9BA687271FBBDEAF00F6562B /* Release */ = {
			isa = XCBuildConfiguration;
			buildSettings = {
				ASSETCATALOG_COMPILER_APPICON_NAME = AppIcon;
				CODE_SIGN_STYLE = Automatic;
				DEVELOPMENT_TEAM = 8N92JZ96Z9;
				INFOPLIST_FILE = TextPad/Info.plist;
				LD_RUNPATH_SEARCH_PATHS = "$(inherited) @executable_path/Frameworks";
				PRODUCT_BUNDLE_IDENTIFIER = michel.bouchet.software.TextPad;
				PRODUCT_NAME = "$(TARGET_NAME)";
				SWIFT_VERSION = 4.0;
				TARGETED_DEVICE_FAMILY = "1,2";
			};
			name = Release;
		};
/* End XCBuildConfiguration section */

/* Begin XCConfigurationList section */
		9BA6870E1FBBDEAF00F6562B /* Build configuration list for PBXProject "TextPad" */ = {
			isa = XCConfigurationList;
			buildConfigurations = (
				9BA687231FBBDEAF00F6562B /* Debug */,
				9BA687241FBBDEAF00F6562B /* Release */,
			);
			defaultConfigurationIsVisible = 0;
			defaultConfigurationName = Release;
		};
		9BA687251FBBDEAF00F6562B /* Build configuration list for PBXNativeTarget "TextPad" */ = {
			isa = XCConfigurationList;
			buildConfigurations = (
				9BA687261FBBDEAF00F6562B /* Debug */,
				9BA687271FBBDEAF00F6562B /* Release */,
			);
			defaultConfigurationIsVisible = 0;
			defaultConfigurationName = Release;
		};
/* End XCConfigurationList section */
	};
	rootObject = 9BA6870B1FBBDEAF00F6562B /* Project object */;
}
